
Microsoft Visual Studio Solution File, Format Version 12.00
# Visual Studio Version 17
VisualStudioVersion = 17.0.32014.148
MinimumVisualStudioVersion = 10.0.40219.1
Project("{FAE04EC0-301F-11D3-BF4B-00C04F79EFBC}") = "LearningMVCCore", "LearningMVCCore.csproj", "{9964A092-F810-4E95-B152-9ACB414F3B44}"
EndProject
Global
	GlobalSection(SolutionConfigurationPlatforms) = preSolution
		Debug|Any CPU = Debug|Any CPU
		Release|Any CPU = Release|Any CPU
	EndGlobalSection
	GlobalSection(ProjectConfigurationPlatforms) = postSolution
		{9964A092-F810-4E95-B152-9ACB414F3B44}.Debug|Any CPU.ActiveCfg = Debug|Any CPU
		{9964A092-F810-4E95-B152-9ACB414F3B44}.Debug|Any CPU.Build.0 = Debug|Any CPU
		{9964A092-F810-4E95-B152-9ACB414F3B44}.Release|Any CPU.ActiveCfg = Release|Any CPU
		{9964A092-F810-4E95-B152-9ACB414F3B44}.Release|Any CPU.Build.0 = Release|Any CPU
	EndGlobalSection
	GlobalSection(SolutionProperties) = preSolution
		HideSolutionNode = FALSE
	EndGlobalSection
	GlobalSection(ExtensibilityGlobals) = postSolution
		SolutionGuid = {8BE5E4C6-B8A9-44E6-92B9-81FAFEDD7C55}
	EndGlobalSection
EndGlobal
